
Microsoft Visual Studio Solution File, Format Version 12.00
# Visual Studio Version 16
VisualStudioVersion = 25.0.1704.0
MinimumVisualStudioVersion = 10.0.40219.1
Project("{FAE04EC0-301F-11D3-BF4B-00C04F79EFBC}") = "MagicVillaApi", "MagicVillaApi\MagicVillaApi.csproj", "{A2782560-2541-47B2-B1C6-503C20EBCE63}"
EndProject
Global
	GlobalSection(SolutionConfigurationPlatforms) = preSolution
		Debug|Any CPU = Debug|Any CPU
		Release|Any CPU = Release|Any CPU
	EndGlobalSection
	GlobalSection(ProjectConfigurationPlatforms) = postSolution
		{A2782560-2541-47B2-B1C6-503C20EBCE63}.Debug|Any CPU.ActiveCfg = Debug|Any CPU
		{A2782560-2541-47B2-B1C6-503C20EBCE63}.Debug|Any CPU.Build.0 = Debug|Any CPU
		{A2782560-2541-47B2-B1C6-503C20EBCE63}.Release|Any CPU.ActiveCfg = Release|Any CPU
		{A2782560-2541-47B2-B1C6-503C20EBCE63}.Release|Any CPU.Build.0 = Release|Any CPU
	EndGlobalSection
	GlobalSection(SolutionProperties) = preSolution
		HideSolutionNode = FALSE
	EndGlobalSection
	GlobalSection(ExtensibilityGlobals) = postSolution
		SolutionGuid = {66D61105-5E05-435B-ABA2-D5C8B649D4EC}
	EndGlobalSection
EndGlobal
